# This file is automatically @generated by Cargo.
# It is not intended for manual editing.
version = 3

[[package]]
name = "ward-pulse-cli"
version = "0.1.0"
dependencies = [
 "ward-pulse-core",
 "ward-pulse-providers",
]

[[package]]
name = "ward-pulse-core"
version = "0.1.0"

[[package]]
name = "ward-pulse-ffi"
version = "0.1.0"
dependencies = [
 "ward-pulse-core",
]

[[package]]
name = "ward-pulse-providers"
version = "0.1.0"
dependencies = [
 "ward-pulse-core",
]
